<Solution>
  <Folder Name="/old-deprecated/">
    <Project Path="old-deprecated/BolivianDaily.Application/BolivianDaily.Application.csproj" />
    <Project Path="old-deprecated/BolivianDaily.Domain/BolivianDaily.Domain.csproj" />
    <Project Path="old-deprecated/BolivianDaily.Infrastructure/BolivianDaily.Infrastructure.csproj" />
    <Project Path="old-deprecated/BolivianDaily.Worker/BolivianDaily.Worker.csproj" />
  </Folder>
  <Folder Name="/Shared/">
    <Project Path="Shared/BolivianDaily.Shared/BolivianDaily.Shared.csproj" />
  </Folder>
  <Folder Name="/ScraperWorker/">
    <Project Path="ScraperWorker/BolivianDaily.ScraperWorker.Application/BolivianDaily.ScraperWorker.Application.csproj" Id="4acb8aa1-e00b-4a8d-8b0e-419ffdc0a879" />
    <Project Path="ScraperWorker/BolivianDaily.ScraperWorker.Domain/BolivianDaily.ScraperWorker.Domain.csproj" Id="28b05a23-b4a8-4774-bcd5-4357d122c8a3" />
    <Project Path="ScraperWorker/BolivianDaily.ScraperWorker.Infrastructure/BolivianDaily.ScraperWorker.Infrastructure.csproj" Id="cf9920d7-ef69-41ed-8612-75906f000fb2" />
    <Project Path="ScraperWorker/BolivianDaily.ScraperWorker/BolivianDaily.ScraperWorker.csproj" Id="a83aa4c4-e976-474a-b3da-9e074b3f441a" />
  </Folder>
</Solution>
